
Microsoft Visual Studio Solution File, Format Version 12.00
# Visual Studio Version 16
VisualStudioVersion = 25.0.1706.2
MinimumVisualStudioVersion = 10.0.40219.1
Project("{FAE04EC0-301F-11D3-BF4B-00C04F79EFBC}") = "FBISProblem", "FBISProblem.csproj", "{D29B309A-3132-47D6-A80D-C8A08486B13F}"
EndProject
Global
	GlobalSection(SolutionConfigurationPlatforms) = preSolution
		Debug|Any CPU = Debug|Any CPU
		Release|Any CPU = Release|Any CPU
	EndGlobalSection
	GlobalSection(ProjectConfigurationPlatforms) = postSolution
		{D29B309A-3132-47D6-A80D-C8A08486B13F}.Debug|Any CPU.ActiveCfg = Debug|Any CPU
		{D29B309A-3132-47D6-A80D-C8A08486B13F}.Debug|Any CPU.Build.0 = Debug|Any CPU
		{D29B309A-3132-47D6-A80D-C8A08486B13F}.Release|Any CPU.ActiveCfg = Release|Any CPU
		{D29B309A-3132-47D6-A80D-C8A08486B13F}.Release|Any CPU.Build.0 = Release|Any CPU
	EndGlobalSection
	GlobalSection(SolutionProperties) = preSolution
		HideSolutionNode = FALSE
	EndGlobalSection
	GlobalSection(ExtensibilityGlobals) = postSolution
		SolutionGuid = {5B67FBD3-13D5-475C-9B4C-7C7B5995F023}
	EndGlobalSection
EndGlobal
